
Microsoft Visual Studio Solution File, Format Version 12.00
# Visual Studio Version 17
VisualStudioVersion = 17.14.36414.22 d17.14
MinimumVisualStudioVersion = 10.0.40219.1
Project("{FAE04EC0-301F-11D3-BF4B-00C04F79EFBC}") = "GreenRoute", "GreenRoute\GreenRoute.csproj", "{001E92E6-65AB-48B5-8B4F-C394CD4CB070}"
EndProject
Global
	GlobalSection(SolutionConfigurationPlatforms) = preSolution
		Debug|Any CPU = Debug|Any CPU
		Release|Any CPU = Release|Any CPU
	EndGlobalSection
	GlobalSection(ProjectConfigurationPlatforms) = postSolution
		{001E92E6-65AB-48B5-8B4F-C394CD4CB070}.Debug|Any CPU.ActiveCfg = Debug|Any CPU
		{001E92E6-65AB-48B5-8B4F-C394CD4CB070}.Debug|Any CPU.Build.0 = Debug|Any CPU
		{001E92E6-65AB-48B5-8B4F-C394CD4CB070}.Release|Any CPU.ActiveCfg = Release|Any CPU
		{001E92E6-65AB-48B5-8B4F-C394CD4CB070}.Release|Any CPU.Build.0 = Release|Any CPU
	EndGlobalSection
	GlobalSection(SolutionProperties) = preSolution
		HideSolutionNode = FALSE
	EndGlobalSection
	GlobalSection(ExtensibilityGlobals) = postSolution
		SolutionGuid = {FFDC9C09-FEA0-4EC5-8F1C-5D53CEC96048}
	EndGlobalSection
EndGlobal
